version = 1
revision = 3
requires-python = "==3.10.*"

[[package]]
name = "click"
version = "8.3.0"
source = { registry = "https://pypi.org/simple" }
dependencies = [
    { name = "colorama", marker = "sys_platform == 'win32'" },
]
sdist = { url = "https://files.pythonhosted.org/packages/46/61/de6cd827efad202d7057d93e0fed9294b96952e188f7384832791c7b2254/click-8.3.0.tar.gz", hash = "sha256:e7b8232224eba16f4ebe410c25ced9f7875cb5f3263ffc93cc3e8da705e229c4", size = 276943, upload-time = "2025-09-18T17:32:23.696Z" }
wheels = [
    { url = "https://files.pythonhosted.org/packages/db/d3/9dcc0f5797f070ec8edf30fbadfb200e71d9db6b84d211e3b2085a7589a0/click-8.3.0-py3-none-any.whl", hash = "sha256:9b9f285302c6e3064f4330c05f05b81945b2a39544279343e6e7c5f27a9baddc", size = 107295, upload-time = "2025-09-18T17:32:22.42Z" },
]

[[package]]
name = "colorama"
version = "0.4.6"
source = { registry = "https://pypi.org/simple" }
sdist = { url = "https://files.pythonhosted.org/packages/d8/53/6f443c9a4a8358a93a6792e2acffb9d9d5cb0a5cfd8802644b7b1c9a02e4/colorama-0.4.6.tar.gz", hash = "sha256:08695f5cb7ed6e0531a20572697297273c47b8cae5a63ffc6d6ed5c201be6e44", size = 27697, upload-time = "2022-10-25T02:36:22.414Z" }
wheels = [
    { url = "https://files.pythonhosted.org/packages/d1/d6/3965ed04c63042e047cb6a3e6ed1a63a35087b6a609aa3a15ed8ac56c221/colorama-0.4.6-py2.py3-none-any.whl", hash = "sha256:4f1d9991f5acc0ca119f9d443620b77f9d6b33703e51011c16baf57afb285fc6", size = 25335, upload-time = "2022-10-25T02:36:20.889Z" },
]

[[package]]
name = "markdown-it-py"
version = "4.0.0"
source = { registry = "https://pypi.org/simple" }
dependencies = [
    { name = "mdurl" },
]
sdist = { url = "https://files.pythonhosted.org/packages/5b/f5/4ec618ed16cc4f8fb3b701563655a69816155e79e24a17b651541804721d/markdown_it_py-4.0.0.tar.gz", hash = "sha256:cb0a2b4aa34f932c007117b194e945bd74e0ec24133ceb5bac59009cda1cb9f3", size = 73070, upload-time = "2025-08-11T12:57:52.854Z" }
wheels = [
    { url = "https://files.pythonhosted.org/packages/94/54/e7d793b573f298e1c9013b8c4dade17d481164aa517d1d7148619c2cedbf/markdown_it_py-4.0.0-py3-none-any.whl", hash = "sha256:87327c59b172c5011896038353a81343b6754500a08cd7a4973bb48c6d578147", size = 87321, upload-time = "2025-08-11T12:57:51.923Z" },
]

[[package]]
name = "mdurl"
version = "0.1.2"
source = { registry = "https://pypi.org/simple" }
sdist = { url = "https://files.pythonhosted.org/packages/d6/54/cfe61301667036ec958cb99bd3efefba235e65cdeb9c84d24a8293ba1d90/mdurl-0.1.2.tar.gz", hash = "sha256:bb413d29f5eea38f31dd4754dd7377d4465116fb207585f97bf925588687c1ba", size = 8729, upload-time = "2022-08-14T12:40:10.846Z" }
wheels = [
    { url = "https://files.pythonhosted.org/packages/b3/38/89ba8ad64ae25be8de66a6d463314cf1eb366222074cfda9ee839c56a4b4/mdurl-0.1.2-py3-none-any.whl", hash = "sha256:84008a41e51615a49fc9966191ff91509e3c40b939176e643fd50a5c2196b8f8", size = 9979, upload-time = "2022-08-14T12:40:09.779Z" },
]

[[package]]
name = "pillow"
version = "12.0.0"
source = { registry = "https://pypi.org/simple" }
sdist = { url = "https://files.pythonhosted.org/packages/5a/b0/cace85a1b0c9775a9f8f5d5423c8261c858760e2466c79b2dd184638b056/pillow-12.0.0.tar.gz", hash = "sha256:87d4f8125c9988bfbed67af47dd7a953e2fc7b0cc1e7800ec6d2080d490bb353", size = 47008828, upload-time = "2025-10-15T18:24:14.008Z" }
wheels = [
    { url = "https://files.pythonhosted.org/packages/5d/08/26e68b6b5da219c2a2cb7b563af008b53bb8e6b6fcb3fa40715fcdb2523a/pillow-12.0.0-cp310-cp310-macosx_10_10_x86_64.whl", hash = "sha256:3adfb466bbc544b926d50fe8f4a4e6abd8c6bffd28a26177594e6e9b2b76572b", size = 5289809, upload-time = "2025-10-15T18:21:27.791Z" },
    { url = "https://files.pythonhosted.org/packages/cb/e9/4e58fb097fb74c7b4758a680aacd558810a417d1edaa7000142976ef9d2f/pillow-12.0.0-cp310-cp310-macosx_11_0_arm64.whl", hash = "sha256:1ac11e8ea4f611c3c0147424eae514028b5e9077dd99ab91e1bd7bc33ff145e1", size = 4650606, upload-time = "2025-10-15T18:21:29.823Z" },
    { url = "https://files.pythonhosted.org/packages/4b/e0/1fa492aa9f77b3bc6d471c468e62bfea1823056bf7e5e4f1914d7ab2565e/pillow-12.0.0-cp310-cp310-manylinux2014_aarch64.manylinux_2_17_aarch64.whl", hash = "sha256:d49e2314c373f4c2b39446fb1a45ed333c850e09d0c59ac79b72eb3b95397363", size = 6221023, upload-time = "2025-10-15T18:21:31.415Z" },
    { url = "https://files.pythonhosted.org/packages/c1/09/4de7cd03e33734ccd0c876f0251401f1314e819cbfd89a0fcb6e77927cc6/pillow-12.0.0-cp310-cp310-manylinux2014_x86_64.manylinux_2_17_x86_64.whl", hash = "sha256:c7b2a63fd6d5246349f3d3f37b14430d73ee7e8173154461785e43036ffa96ca", size = 8024937, upload-time = "2025-10-15T18:21:33.453Z" },
    { url = "https://files.pythonhosted.org/packages/2e/69/0688e7c1390666592876d9d474f5e135abb4acb39dcb583c4dc5490f1aff/pillow-12.0.0-cp310-cp310-manylinux_2_27_aarch64.manylinux_2_28_aarch64.whl", hash = "sha256:d64317d2587c70324b79861babb9c09f71fbb780bad212018874b2c013d8600e", size = 6334139, upload-time = "2025-10-15T18:21:35.395Z" },
    { url = "https://files.pythonhosted.org/packages/ed/1c/880921e98f525b9b44ce747ad1ea8f73fd7e992bafe3ca5e5644bf433dea/pillow-12.0.0-cp310-cp310-manylinux_2_27_x86_64.manylinux_2_28_x86_64.whl", hash = "sha256:d77153e14b709fd8b8af6f66a3afbb9ed6e9fc5ccf0b6b7e1ced7b036a228782", size = 7026074, upload-time = "2025-10-15T18:21:37.219Z" },
    { url = "https://files.pythonhosted.org/packages/28/03/96f718331b19b355610ef4ebdbbde3557c726513030665071fd025745671/pillow-12.0.0-cp310-cp310-musllinux_1_2_aarch64.whl", hash = "sha256:32ed80ea8a90ee3e6fa08c21e2e091bba6eda8eccc83dbc34c95169507a91f10", size = 6448852, upload-time = "2025-10-15T18:21:39.168Z" },
    { url = "https://files.pythonhosted.org/packages/3a/a0/6a193b3f0cc9437b122978d2c5cbce59510ccf9a5b48825096ed7472da2f/pillow-12.0.0-cp310-cp310-musllinux_1_2_x86_64.whl", hash = "sha256:c828a1ae702fc712978bda0320ba1b9893d99be0badf2647f693cc01cf0f04fa", size = 7117058, upload-time = "2025-10-15T18:21:40.997Z" },
    { url = "https://files.pythonhosted.org/packages/a7/c4/043192375eaa4463254e8e61f0e2ec9a846b983929a8d0a7122e0a6d6fff/pillow-12.0.0-cp310-cp310-win32.whl", hash = "sha256:bd87e140e45399c818fac4247880b9ce719e4783d767e030a883a970be632275", size = 6295431, upload-time = "2025-10-15T18:21:42.518Z" },
    { url = "https://files.pythonhosted.org/packages/92/c6/c2f2fc7e56301c21827e689bb8b0b465f1b52878b57471a070678c0c33cd/pillow-12.0.0-cp310-cp310-win_amd64.whl", hash = "sha256:455247ac8a4cfb7b9bc45b7e432d10421aea9fc2e74d285ba4072688a74c2e9d", size = 7000412, upload-time = "2025-10-15T18:21:44.404Z" },
    { url = "https://files.pythonhosted.org/packages/b2/d2/5f675067ba82da7a1c238a73b32e3fd78d67f9d9f80fbadd33a40b9c0481/pillow-12.0.0-cp310-cp310-win_arm64.whl", hash = "sha256:6ace95230bfb7cd79ef66caa064bbe2f2a1e63d93471c3a2e1f1348d9f22d6b7", size = 2435903, upload-time = "2025-10-15T18:21:46.29Z" },
]

[[package]]
name = "pygments"
version = "2.19.2"
source = { registry = "https://pypi.org/simple" }
sdist = { url = "https://files.pythonhosted.org/packages/b0/77/a5b8c569bf593b0140bde72ea885a803b82086995367bf2037de0159d924/pygments-2.19.2.tar.gz", hash = "sha256:636cb2477cec7f8952536970bc533bc43743542f70392ae026374600add5b887", size = 4968631, upload-time = "2025-06-21T13:39:12.283Z" }
wheels = [
    { url = "https://files.pythonhosted.org/packages/c7/21/705964c7812476f378728bdf590ca4b771ec72385c533964653c68e86bdc/pygments-2.19.2-py3-none-any.whl", hash = "sha256:86540386c03d588bb81d44bc3928634ff26449851e99741617ecb9037ee5ec0b", size = 1225217, upload-time = "2025-06-21T13:39:07.939Z" },
]

[[package]]
name = "pyjson5"
version = "2.0.0"
source = { registry = "https://pypi.org/simple" }
sdist = { url = "https://files.pythonhosted.org/packages/6e/d9/005aaaf5077cde946282b22da9404965477fb140fa6836b52d2e0955a391/pyjson5-2.0.0.tar.gz", hash = "sha256:7ccc98586cf87dfeadfa76de8df4c9cb0c3d21d1b559e28812dd9633748d6e25", size = 305865, upload-time = "2025-10-02T00:23:02.154Z" }
wheels = [
    { url = "https://files.pythonhosted.org/packages/32/98/a758a7c7985ea50a0ea9680181070928cc8ea2a0f71a9ad13be3f581ce25/pyjson5-2.0.0-cp310-cp310-macosx_10_9_universal2.whl", hash = "sha256:176099c7db0197039eb70f21dbf072cf5d4be8e0c065e96d6d6171275398a1b1", size = 297332, upload-time = "2025-10-02T00:18:50.825Z" },
    { url = "https://files.pythonhosted.org/packages/e0/83/ac464728b541489e92f338e7db958ba998fa1bab6d821306ead3d163d09a/pyjson5-2.0.0-cp310-cp310-macosx_10_9_x86_64.whl", hash = "sha256:c7182c67a6fa58931550d7e1d60e485825e75d0e50592ab8674e3eebe2e75e99", size = 156205, upload-time = "2025-10-02T00:18:52.746Z" },
    { url = "https://files.pythonhosted.org/packages/06/17/1f3192eca83e191611aabf6b7531acb8cd4fb83688a4202de40d4730b0dd/pyjson5-2.0.0-cp310-cp310-macosx_11_0_arm64.whl", hash = "sha256:44d5bb544a955aa30016b743fdce88954673df4c1ab72aeae60ca56bc8c0ea1b", size = 150663, upload-time = "2025-10-02T00:18:54.017Z" },
    { url = "https://files.pythonhosted.org/packages/5b/c7/252d0659ae0b823b48f1432c941c55ddc704863d2d3ae3f7f1517643261f/pyjson5-2.0.0-cp310-cp310-manylinux1_i686.manylinux_2_28_i686.manylinux_2_5_i686.whl", hash = "sha256:0f038bf94aa0e4885d1cbaf67fcb02a34f799185a2df1ac24786b820431ba397", size = 192706, upload-time = "2025-10-02T00:18:55.255Z" },
    { url = "https://files.pythonhosted.org/packages/eb/82/e90e15cd9399f3d643da07788f31cabae6cdfedd05b73376c700ef4f4a4a/pyjson5-2.0.0-cp310-cp310-manylinux2014_aarch64.manylinux_2_17_aarch64.manylinux_2_28_aarch64.whl", hash = "sha256:54e6cee0282be21a12edf08f9007682bc00b15aa8bf47e5e6af165bce87ecad4", size = 172039, upload-time = "2025-10-02T00:18:56.372Z" },
    { url = "https://files.pythonhosted.org/packages/2e/48/b90c8c81178f211feeebe270161e3603fcc73e5c1ceece45bb70772f9cc2/pyjson5-2.0.0-cp310-cp310-manylinux2014_armv7l.manylinux_2_17_armv7l.manylinux_2_31_armv7l.whl", hash = "sha256:f63536df8a1626e38ac9d9f764a31fe514289de9787b6c0d9b824acac24bfe97", size = 168962, upload-time = "2025-10-02T00:18:57.762Z" },
    { url = "https://files.pythonhosted.org/packages/f1/dc/620ab56078b7ba42530b6efe0df880288991e948b805cc0e4f0c781dc8a9/pyjson5-2.0.0-cp310-cp310-manylinux2014_ppc64le.manylinux_2_17_ppc64le.manylinux_2_28_ppc64le.whl", hash = "sha256:3b5bc1ce2bf8765c9509f4c07c3df8bdbb64052950690e8b624b85eae763b6c0", size = 194931, upload-time = "2025-10-02T00:18:59.134Z" },
    { url = "https://files.pythonhosted.org/packages/82/50/4eea4b37d825199aef5739397e1ccd1413922f66ae06846a8559f47ad3ea/pyjson5-2.0.0-cp310-cp310-manylinux2014_s390x.manylinux_2_17_s390x.manylinux_2_28_s390x.whl", hash = "sha256:05e95dab489ddf85308165ef1d537493b70ae0631311e600a3aa5562c4583f3a", size = 197298, upload-time = "2025-10-02T00:19:00.286Z" },
    { url = "https://files.pythonhosted.org/packages/51/d9/456a0d08e44b70d39d719dba1b51be64b69a22e7bb01d91857030afd3a8b/pyjson5-2.0.0-cp310-cp310-manylinux2014_x86_64.manylinux_2_17_x86_64.manylinux_2_28_x86_64.whl", hash = "sha256:979090533eb8a37378188c851cb579f3101698a2293eb09c1f1a58cfea236ea4", size = 184148, upload-time = "2025-10-02T00:19:01.613Z" },
    { url = "https://files.pythonhosted.org/packages/4a/b5/f35560c31834f914d4b01da6bb5915e9eaca06d7e796ea7805aef0c6e65b/pyjson5-2.0.0-cp310-cp310-manylinux_2_31_riscv64.manylinux_2_39_riscv64.whl", hash = "sha256:93403e053c58eb3cda23824664514061d2398990cb7f71e4d6112b9c82eff9ef", size = 182742, upload-time = "2025-10-02T00:19:02.994Z" },
    { url = "https://files.pythonhosted.org/packages/fb/62/4ee6c2cf29d3edb6f2922b9ca63dc6f73403773b4ed014f6790ec3b72033/pyjson5-2.0.0-cp310-cp310-musllinux_1_2_aarch64.whl", hash = "sha256:0cfa8d5514a37a6f610116bf140922c635a79aefb0d6e61459320d4dff942140", size = 1153989, upload-time = "2025-10-02T00:19:04.177Z" },
    { url = "https://files.pythonhosted.org/packages/40/98/7dc3ba18b064bd9b62be48050bd0fc814855f78fa27ee385f8b5c7c93c14/pyjson5-2.0.0-cp310-cp310-musllinux_1_2_armv7l.whl", hash = "sha256:acc3810d446edc05c892e1ac43e6b223b11b1ccc1c6b7787f85641695f1b869a", size = 1013908, upload-time = "2025-10-02T00:19:05.814Z" },
    { url = "https://files.pythonhosted.org/packages/c4/b1/d9af0d2205db46458dd45c0551fc0188b3f8578d4f43e9a8a54357388bc4/pyjson5-2.0.0-cp310-cp310-musllinux_1_2_i686.whl", hash = "sha256:bfd1e0a4d6155f2cea51ccac5b7eccd506123f7eccddf9c6cd2cd56369fc16a9", size = 1328108, upload-time = "2025-10-02T00:19:07.184Z" },
    { url = "https://files.pythonhosted.org/packages/06/ae/d29b930bc0ae2b98f2c7c4a7de7afb110b9cde9abe9e6fc853e3b4440176/pyjson5-2.0.0-cp310-cp310-musllinux_1_2_ppc64le.whl", hash = "sha256:2369d36c68fcf016859396ef14a4f6176fa63e2567aff9baf1eb9ef51fb46835", size = 1253739, upload-time = "2025-10-02T00:19:08.752Z" },
    { url = "https://files.pythonhosted.org/packages/af/69/f4f352cfc0faad6ed25de3485be75c5040ebe6c6c69925ec42e54081dc7e/pyjson5-2.0.0-cp310-cp310-musllinux_1_2_riscv64.whl", hash = "sha256:c37d4a744eadfe2be569c96ef0acd07ecf021d05b3801c9d7b967e70fb6937e1", size = 1189958, upload-time = "2025-10-02T00:19:10.304Z" },
    { url = "https://files.pythonhosted.org/packages/de/b0/1b373a9c28a4510a54e868ce707910f5a8fb53fc6d9610d770dfdadb691a/pyjson5-2.0.0-cp310-cp310-musllinux_1_2_s390x.whl", hash = "sha256:c4e058bb5626940266c55a52d49233fd94d8f7f3b0ca491ea356cd6aab3d09bb", size = 1366103, upload-time = "2025-10-02T00:19:11.7Z" },
    { url = "https://files.pythonhosted.org/packages/0e/16/3e94e78254c2d035ad66767d5d7afbdaf249d69e24f72137b7be1a72a3ed/pyjson5-2.0.0-cp310-cp310-musllinux_1_2_x86_64.whl", hash = "sha256:c0d9f4167e11a57b4366f9a6dc0fe1fa573ff95b30eb8bffcc4f0da183680452", size = 1216945, upload-time = "2025-10-02T00:19:13.427Z" },
    { url = "https://files.pythonhosted.org/packages/6c/a6/d810dda12512905fb716e3199230b60cc8c3f9951a804f74a7463b4c991e/pyjson5-2.0.0-cp310-cp310-win32.whl", hash = "sha256:7d4a839694ef4e7e3729d3b9d82da3ab6458b075678b2f1603dd46c85ad93923", size = 114285, upload-time = "2025-10-02T00:19:14.922Z" },
    { url = "https://files.pythonhosted.org/packages/b1/5b/4695d0a529bee729510f349dfad545cff0923807177f74607d5bc9c5dd7f/pyjson5-2.0.0-cp310-cp310-win_amd64.whl", hash = "sha256:4f2ce61b582edf57e10c3181ff4e3c59d13382adb22e9810665def9d60d077f7", size = 133126, upload-time = "2025-10-02T00:19:16.253Z" },
    { url = "https://files.pythonhosted.org/packages/97/d3/2d68a7f743fd5151f2317796306423afd85620b86bb8c1d4efabe3deb824/pyjson5-2.0.0-cp310-cp310-win_arm64.whl", hash = "sha256:e9e686faff89765ad99c7f5602a99703bd7432db04e0f541b7c91ff7d3499cd8", size = 116698, upload-time = "2025-10-02T00:19:17.534Z" },
]

[[package]]
name = "pyodide-cli"
version = "0.2.4"
source = { registry = "https://pypi.org/simple" }
dependencies = [
    { name = "rich" },
    { name = "typer" },
]
sdist = { url = "https://files.pythonhosted.org/packages/6d/b8/99b0f6e11d505348dde9b45106944156ad5415299ba9ae5a670fad73b2b0/pyodide_cli-0.2.4.tar.gz", hash = "sha256:8cebc6831bfd234b6413d9a73178b93800bd1f6dfa1567514cbfda5768f5095b", size = 10597, upload-time = "2024-06-25T11:57:02.195Z" }
wheels = [
    { url = "https://files.pythonhosted.org/packages/9a/b0/f6e406edb166a0996b85bab5e6b9764791768f2a8a3c2ab235943def55e3/pyodide_cli-0.2.4-py3-none-any.whl", hash = "sha256:286585276c7e5c7e7967c317e0432a75271e00c653bc76f836dace3034b2d2bc", size = 11299, upload-time = "2024-06-25T11:57:00.668Z" },
]

[[package]]
name = "pyodide-py"
version = "0.25.1"
source = { registry = "https://pypi.org/simple" }
sdist = { url = "https://files.pythonhosted.org/packages/06/b5/bd547175f2f91ff9afb79d5fcd8604c8b59295ae2161985a782194f220e6/pyodide-py-0.25.1.tar.gz", hash = "sha256:844fc310585118efbc1daeb4390bb7aecdf1d9fb508c4aa9f21588842c1c8a4e", size = 43322, upload-time = "2024-03-31T14:08:25.931Z" }
wheels = [
    { url = "https://files.pythonhosted.org/packages/1c/e6/f16847dae08ce4e1d544c66336561c38b883613e1bb6fa61491bae7a1b5c/pyodide_py-0.25.1-py3-none-any.whl", hash = "sha256:bfd93301ee0ee022e6cbcee5a3a9a28b34a2f7348ebb06186df1514be79e5499", size = 48290, upload-time = "2024-03-31T14:08:24.177Z" },
]

[[package]]
name = "rich"
version = "14.2.0"
source = { registry = "https://pypi.org/simple" }
dependencies = [
    { name = "markdown-it-py" },
    { name = "pygments" },
]
sdist = { url = "https://files.pythonhosted.org/packages/fb/d2/8920e102050a0de7bfabeb4c4614a49248cf8d5d7a8d01885fbb24dc767a/rich-14.2.0.tar.gz", hash = "sha256:73ff50c7c0c1c77c8243079283f4edb376f0f6442433aecb8ce7e6d0b92d1fe4", size = 219990, upload-time = "2025-10-09T14:16:53.064Z" }
wheels = [
    { url = "https://files.pythonhosted.org/packages/25/7a/b0178788f8dc6cafce37a212c99565fa1fe7872c70c6c9c1e1a372d9d88f/rich-14.2.0-py3-none-any.whl", hash = "sha256:76bc51fe2e57d2b1be1f96c524b890b816e334ab4c1e45888799bfaab0021edd", size = 243393, upload-time = "2025-10-09T14:16:51.245Z" },
]

[[package]]
name = "shellingham"
version = "1.5.4"
source = { registry = "https://pypi.org/simple" }
sdist = { url = "https://files.pythonhosted.org/packages/58/15/8b3609fd3830ef7b27b655beb4b4e9c62313a4e8da8c676e142cc210d58e/shellingham-1.5.4.tar.gz", hash = "sha256:8dbca0739d487e5bd35ab3ca4b36e11c4078f3a234bfce294b0a0291363404de", size = 10310, upload-time = "2023-10-24T04:13:40.426Z" }
wheels = [
    { url = "https://files.pythonhosted.org/packages/e0/f9/0595336914c5619e5f28a1fb793285925a8cd4b432c9da0a987836c7f822/shellingham-1.5.4-py2.py3-none-any.whl", hash = "sha256:7ecfff8f2fd72616f7481040475a65b2bf8af90a56c89140852d1120324e8686", size = 9755, upload-time = "2023-10-24T04:13:38.866Z" },
]

[[package]]
name = "tomli"
version = "2.3.0"
source = { registry = "https://pypi.org/simple" }
sdist = { url = "https://files.pythonhosted.org/packages/52/ed/3f73f72945444548f33eba9a87fc7a6e969915e7b1acc8260b30e1f76a2f/tomli-2.3.0.tar.gz", hash = "sha256:64be704a875d2a59753d80ee8a533c3fe183e3f06807ff7dc2232938ccb01549", size = 17392, upload-time = "2025-10-08T22:01:47.119Z" }
wheels = [
    { url = "https://files.pythonhosted.org/packages/77/b8/0135fadc89e73be292b473cb820b4f5a08197779206b33191e801feeae40/tomli-2.3.0-py3-none-any.whl", hash = "sha256:e95b1af3c5b07d9e643909b5abbec77cd9f1217e6d0bca72b0234736b9fb1f1b", size = 14408, upload-time = "2025-10-08T22:01:46.04Z" },
]

[[package]]
name = "typer"
version = "0.20.0"
source = { registry = "https://pypi.org/simple" }
dependencies = [
    { name = "click" },
    { name = "rich" },
    { name = "shellingham" },
    { name = "typing-extensions" },
]
sdist = { url = "https://files.pythonhosted.org/packages/8f/28/7c85c8032b91dbe79725b6f17d2fffc595dff06a35c7a30a37bef73a1ab4/typer-0.20.0.tar.gz", hash = "sha256:1aaf6494031793e4876fb0bacfa6a912b551cf43c1e63c800df8b1a866720c37", size = 106492, upload-time = "2025-10-20T17:03:49.445Z" }
wheels = [
    { url = "https://files.pythonhosted.org/packages/78/64/7713ffe4b5983314e9d436a90d5bd4f63b6054e2aca783a3cfc44cb95bbf/typer-0.20.0-py3-none-any.whl", hash = "sha256:5b463df6793ec1dca6213a3cf4c0f03bc6e322ac5e16e13ddd622a889489784a", size = 47028, upload-time = "2025-10-20T17:03:47.617Z" },
]

[[package]]
name = "typing-extensions"
version = "4.15.0"
source = { registry = "https://pypi.org/simple" }
sdist = { url = "https://files.pythonhosted.org/packages/72/94/1a15dd82efb362ac84269196e94cf00f187f7ed21c242792a923cdb1c61f/typing_extensions-4.15.0.tar.gz", hash = "sha256:0cea48d173cc12fa28ecabc3b837ea3cf6f38c6d1136f85cbaaf598984861466", size = 109391, upload-time = "2025-08-25T13:49:26.313Z" }
wheels = [
    { url = "https://files.pythonhosted.org/packages/18/67/36e9267722cc04a6b9f15c7f3441c2363321a3ea07da7ae0c0707beb2a9c/typing_extensions-4.15.0-py3-none-any.whl", hash = "sha256:f0fa19c6845758ab08074a0cfa8b7aecb71c999ca73d62883bc25cc018c4e548", size = 44614, upload-time = "2025-08-25T13:49:24.86Z" },
]

[[package]]
name = "weather-landscape-worker"
version = "0.1.0"
source = { virtual = "." }
dependencies = [
    { name = "pillow" },
    { name = "tomli" },
    { name = "workers-py" },
]

[package.metadata]
requires-dist = [
    { name = "pillow" },
    { name = "tomli", specifier = ">=2.0.0" },
    { name = "workers-py", specifier = ">=1.6.1" },
]

[[package]]
name = "workers-py"
version = "1.6.1"
source = { registry = "https://pypi.org/simple" }
dependencies = [
    { name = "click" },
    { name = "pyjson5" },
    { name = "pyodide-cli" },
    { name = "pyodide-py" },
    { name = "rich" },
]
sdist = { url = "https://files.pythonhosted.org/packages/16/25/da14d51ca5e67fab961b0b948f7cadde18c8d028fbead668d3d3877e1608/workers_py-1.6.1.tar.gz", hash = "sha256:812eb03203b35f9a4d5f5164eaec513e761de2d1ce7a2625a174bc61fa664ae8", size = 55062, upload-time = "2025-10-15T19:53:59.509Z" }
wheels = [
    { url = "https://files.pythonhosted.org/packages/47/0f/207602b67ceafbb3d87a8a654555206d6bde253d24992e6a791f4cf15377/workers_py-1.6.1-py3-none-any.whl", hash = "sha256:a91354bec5786b0a359ccbf3cda874a4927a41e902fc0e1ed5a542053b5365cd", size = 11002, upload-time = "2025-10-15T19:53:58.174Z" },
]
